
Microsoft Visual Studio Solution File, Format Version 11.00
# Visual Studio 2010
Project("{2150E333-8FDC-42A3-9474-1A3956D46DE8}") = "Base", "Base", "{660A5BB3-A176-4A50-80B8-8E04948230CE}"
EndProject
Project("{2150E333-8FDC-42A3-9474-1A3956D46DE8}") = "IBatisNet", "IBatisNet", "{F9CC5384-728B-4F92-BF70-7AADF98D25AB}"
EndProject
Project("{2150E333-8FDC-42A3-9474-1A3956D46DE8}") = "Frame", "Frame", "{9A8CD899-DF72-4DFE-A96C-EF06A4D8E840}"
EndProject
Project("{2150E333-8FDC-42A3-9474-1A3956D46DE8}") = "SCM", "SCM", "{69DD6095-8A4B-4BB8-A4E1-949A4521BBDA}"
EndProject
Project("{FAE04EC0-301F-11D3-BF4B-00C04F79EFBC}") = "LTN.CS.Core", "LTN.CS.Core\LTN.CS.Core.csproj", "{873D6B8C-2E49-47E7-94B4-0929C5DA0911}"
EndProject
Project("{FAE04EC0-301F-11D3-BF4B-00C04F79EFBC}") = "LTN.CS.Base", "LTN.CS.Base\LTN.CS.Base.csproj", "{A5BCB470-E355-489A-AA9F-646D4A119835}"
EndProject
Project("{FAE04EC0-301F-11D3-BF4B-00C04F79EFBC}") = "Castle.DynamicProxy", "Castle.DynamicProxy\Castle.DynamicProxy.csproj", "{6272500A-FEAB-4093-AF65-337234DA32FE}"
EndProject
Project("{FAE04EC0-301F-11D3-BF4B-00C04F79EFBC}") = "IBatisNet.Common.2005", "IBatisNet.Common\IBatisNet.Common.2005.csproj", "{BBC8DA4A-EA88-41D9-8B93-929B8F3ADADE}"
EndProject
Project("{FAE04EC0-301F-11D3-BF4B-00C04F79EFBC}") = "IBatisNet.Common.Logging.Log4Net.2005", "IBatisNet.Common.Logging.Log4Net\IBatisNet.Common.Logging.Log4Net.2005.csproj", "{023FE8D7-7E1A-4DDF-A0EA-8FB0E1B3122B}"
EndProject
Project("{FAE04EC0-301F-11D3-BF4B-00C04F79EFBC}") = "IBatisNet.DataMapper.2005", "IBatisNet.DataMapper\IBatisNet.DataMapper.2005.csproj", "{F3E45F39-3224-4EAD-B138-EB5CC0E32824}"
EndProject
Project("{FAE04EC0-301F-11D3-BF4B-00C04F79EFBC}") = "LTN.CS.BaseEntities", "LTN.CS.BaseEntity\LTN.CS.BaseEntities.csproj", "{33B2AC55-6414-463F-9627-688E608F2FDD}"
EndProject
Project("{FAE04EC0-301F-11D3-BF4B-00C04F79EFBC}") = "LTN.CS.Base.BusinessDao", "LTN.CS.Base.BusinessDao\LTN.CS.Base.BusinessDao.csproj", "{8DFC5478-7F65-47A3-AF7C-A552F51469FA}"
EndProject
Project("{FAE04EC0-301F-11D3-BF4B-00C04F79EFBC}") = "LTN.CS.Base.BusinessService", "LTN.CS.Base.BusinessService\LTN.CS.Base.BusinessService.csproj", "{0ABA973D-4B73-4E46-8CBF-0DB093BC50BF}"
EndProject
Project("{FAE04EC0-301F-11D3-BF4B-00C04F79EFBC}") = "LTN.CS.Base.BaseForm", "LTN.CS.Base.BaseForm\LTN.CS.Base.BaseForm.csproj", "{00EC2B1C-3140-4201-A098-6DD4DE1904F4}"
EndProject
Project("{FAE04EC0-301F-11D3-BF4B-00C04F79EFBC}") = "LTN.CS.Entrance", "LTN.CS.Entrance\LTN.CS.Entrance.csproj", "{853E69F8-6B85-42F9-841E-B62092B80098}"
EndProject
Project("{FAE04EC0-301F-11D3-BF4B-00C04F79EFBC}") = "AESTool", "AESTool\AESTool.csproj", "{D9F3B2DF-B1FF-4292-967F-3963FE13626D}"
EndProject
Project("{FAE04EC0-301F-11D3-BF4B-00C04F79EFBC}") = "LTN.CS.Resource", "LTN.CS.Resource\LTN.CS.Resource.csproj", "{FB9F5CC5-AE07-4383-9C91-8A42343DE4DB}"
EndProject
Project("{FAE04EC0-301F-11D3-BF4B-00C04F79EFBC}") = "LTN.CS.SCMCustomUI", "LTN.CS.SCMCustomUI\LTN.CS.SCMCustomUI.csproj", "{E01D0ABA-9D38-4109-A603-70DFE13E9722}"
EndProject
Project("{FAE04EC0-301F-11D3-BF4B-00C04F79EFBC}") = "LTN.CS.SCMDao", "LTN.CS.SCMDao\LTN.CS.SCMDao.csproj", "{4C0AF001-7F6B-4A96-8F60-855500F310C6}"
EndProject
Project("{FAE04EC0-301F-11D3-BF4B-00C04F79EFBC}") = "LTN.CS.SCMEntities", "LTN.CS.SCMEntities\LTN.CS.SCMEntities.csproj", "{81D774AF-7840-45C9-BC78-941EB87D590F}"
EndProject
Project("{FAE04EC0-301F-11D3-BF4B-00C04F79EFBC}") = "LTN.CS.SCMForm", "LTN.CS.SCMForm\LTN.CS.SCMForm.csproj", "{01DFFD2B-550D-4078-A288-6F6EB31E97D6}"
EndProject
Project("{FAE04EC0-301F-11D3-BF4B-00C04F79EFBC}") = "LTN.CS.SCMService", "LTN.CS.SCMService\LTN.CS.SCMService.csproj", "{A0B3AB31-6B8D-4358-BEA4-3D831771DC46}"
EndProject
Project("{FAE04EC0-301F-11D3-BF4B-00C04F79EFBC}") = "LTN.CS.Base.ServiceInterface", "LTN.CS.Base.ServiceInterface\LTN.CS.Base.ServiceInterface.csproj", "{17F361DB-79D7-46FF-B2CB-87BC8A74AC44}"
EndProject
Project("{FAE04EC0-301F-11D3-BF4B-00C04F79EFBC}") = "LTN.CS.SCMBussiness", "LTN.CS.SCMBussiness\LTN.CS.SCMBussiness.csproj", "{E53DAA67-A0A0-4E4B-AB4A-C85D45050115}"
EndProject
Project("{FAE04EC0-301F-11D3-BF4B-00C04F79EFBC}") = "LTN.CS.SCMHardSDK", "LTN.CS.SCMHardSDK\LTN.CS.SCMHardSDK.csproj", "{9EE3E89D-2F09-4078-98B7-04C50EAE3EFA}"
EndProject
Global
	GlobalSection(SubversionScc) = preSolution
		Svn-Managed = True
		Manager = AnkhSVN - Subversion Support for Visual Studio
	EndGlobalSection
	GlobalSection(SolutionConfigurationPlatforms) = preSolution
		Debug|Any CPU = Debug|Any CPU
		Debug|Mixed Platforms = Debug|Mixed Platforms
		Debug|x86 = Debug|x86
		Release|Any CPU = Release|Any CPU
		Release|Mixed Platforms = Release|Mixed Platforms
		Release|x86 = Release|x86
	EndGlobalSection
	GlobalSection(ProjectConfigurationPlatforms) = postSolution
		{873D6B8C-2E49-47E7-94B4-0929C5DA0911}.Debug|Any CPU.ActiveCfg = Debug|Any CPU
		{873D6B8C-2E49-47E7-94B4-0929C5DA0911}.Debug|Any CPU.Build.0 = Debug|Any CPU
		{873D6B8C-2E49-47E7-94B4-0929C5DA0911}.Debug|Mixed Platforms.ActiveCfg = Debug|Any CPU
		{873D6B8C-2E49-47E7-94B4-0929C5DA0911}.Debug|Mixed Platforms.Build.0 = Debug|Any CPU
		{873D6B8C-2E49-47E7-94B4-0929C5DA0911}.Debug|x86.ActiveCfg = Debug|Any CPU
		{873D6B8C-2E49-47E7-94B4-0929C5DA0911}.Release|Any CPU.ActiveCfg = Release|Any CPU
		{873D6B8C-2E49-47E7-94B4-0929C5DA0911}.Release|Any CPU.Build.0 = Release|Any CPU
		{873D6B8C-2E49-47E7-94B4-0929C5DA0911}.Release|Mixed Platforms.ActiveCfg = Release|Any CPU
		{873D6B8C-2E49-47E7-94B4-0929C5DA0911}.Release|Mixed Platforms.Build.0 = Release|Any CPU
		{873D6B8C-2E49-47E7-94B4-0929C5DA0911}.Release|x86.ActiveCfg = Release|Any CPU
		{A5BCB470-E355-489A-AA9F-646D4A119835}.Debug|Any CPU.ActiveCfg = Debug|Any CPU
		{A5BCB470-E355-489A-AA9F-646D4A119835}.Debug|Any CPU.Build.0 = Debug|Any CPU
		{A5BCB470-E355-489A-AA9F-646D4A119835}.Debug|Mixed Platforms.ActiveCfg = Debug|Any CPU
		{A5BCB470-E355-489A-AA9F-646D4A119835}.Debug|Mixed Platforms.Build.0 = Debug|Any CPU
		{A5BCB470-E355-489A-AA9F-646D4A119835}.Debug|x86.ActiveCfg = Debug|Any CPU
		{A5BCB470-E355-489A-AA9F-646D4A119835}.Release|Any CPU.ActiveCfg = Release|Any CPU
		{A5BCB470-E355-489A-AA9F-646D4A119835}.Release|Any CPU.Build.0 = Release|Any CPU
		{A5BCB470-E355-489A-AA9F-646D4A119835}.Release|Mixed Platforms.ActiveCfg = Release|Any CPU
		{A5BCB470-E355-489A-AA9F-646D4A119835}.Release|Mixed Platforms.Build.0 = Release|Any CPU
		{A5BCB470-E355-489A-AA9F-646D4A119835}.Release|x86.ActiveCfg = Release|Any CPU
		{6272500A-FEAB-4093-AF65-337234DA32FE}.Debug|Any CPU.ActiveCfg = Debug|Any CPU
		{6272500A-FEAB-4093-AF65-337234DA32FE}.Debug|Any CPU.Build.0 = Debug|Any CPU
		{6272500A-FEAB-4093-AF65-337234DA32FE}.Debug|Mixed Platforms.ActiveCfg = Debug|Any CPU
		{6272500A-FEAB-4093-AF65-337234DA32FE}.Debug|Mixed Platforms.Build.0 = Debug|Any CPU
		{6272500A-FEAB-4093-AF65-337234DA32FE}.Debug|x86.ActiveCfg = Debug|Any CPU
		{6272500A-FEAB-4093-AF65-337234DA32FE}.Release|Any CPU.ActiveCfg = Release|Any CPU
		{6272500A-FEAB-4093-AF65-337234DA32FE}.Release|Any CPU.Build.0 = Release|Any CPU
		{6272500A-FEAB-4093-AF65-337234DA32FE}.Release|Mixed Platforms.ActiveCfg = Release|Any CPU
		{6272500A-FEAB-4093-AF65-337234DA32FE}.Release|Mixed Platforms.Build.0 = Release|Any CPU
		{6272500A-FEAB-4093-AF65-337234DA32FE}.Release|x86.ActiveCfg = Release|Any CPU
		{BBC8DA4A-EA88-41D9-8B93-929B8F3ADADE}.Debug|Any CPU.ActiveCfg = Debug|Any CPU
		{BBC8DA4A-EA88-41D9-8B93-929B8F3ADADE}.Debug|Any CPU.Build.0 = Debug|Any CPU
		{BBC8DA4A-EA88-41D9-8B93-929B8F3ADADE}.Debug|Mixed Platforms.ActiveCfg = Debug|Any CPU
		{BBC8DA4A-EA88-41D9-8B93-929B8F3ADADE}.Debug|Mixed Platforms.Build.0 = Debug|Any CPU
		{BBC8DA4A-EA88-41D9-8B93-929B8F3ADADE}.Debug|x86.ActiveCfg = Debug|Any CPU
		{BBC8DA4A-EA88-41D9-8B93-929B8F3ADADE}.Release|Any CPU.ActiveCfg = Release|Any CPU
		{BBC8DA4A-EA88-41D9-8B93-929B8F3ADADE}.Release|Any CPU.Build.0 = Release|Any CPU
		{BBC8DA4A-EA88-41D9-8B93-929B8F3ADADE}.Release|Mixed Platforms.ActiveCfg = Release|Any CPU
		{BBC8DA4A-EA88-41D9-8B93-929B8F3ADADE}.Release|Mixed Platforms.Build.0 = Release|Any CPU
		{BBC8DA4A-EA88-41D9-8B93-929B8F3ADADE}.Release|x86.ActiveCfg = Release|Any CPU
		{023FE8D7-7E1A-4DDF-A0EA-8FB0E1B3122B}.Debug|Any CPU.ActiveCfg = Debug|Any CPU
		{023FE8D7-7E1A-4DDF-A0EA-8FB0E1B3122B}.Debug|Any CPU.Build.0 = Debug|Any CPU
		{023FE8D7-7E1A-4DDF-A0EA-8FB0E1B3122B}.Debug|Mixed Platforms.ActiveCfg = Debug|Any CPU
		{023FE8D7-7E1A-4DDF-A0EA-8FB0E1B3122B}.Debug|Mixed Platforms.Build.0 = Debug|Any CPU
		{023FE8D7-7E1A-4DDF-A0EA-8FB0E1B3122B}.Debug|x86.ActiveCfg = Debug|Any CPU
		{023FE8D7-7E1A-4DDF-A0EA-8FB0E1B3122B}.Release|Any CPU.ActiveCfg = Release|Any CPU
		{023FE8D7-7E1A-4DDF-A0EA-8FB0E1B3122B}.Release|Any CPU.Build.0 = Release|Any CPU
		{023FE8D7-7E1A-4DDF-A0EA-8FB0E1B3122B}.Release|Mixed Platforms.ActiveCfg = Release|Any CPU
		{023FE8D7-7E1A-4DDF-A0EA-8FB0E1B3122B}.Release|Mixed Platforms.Build.0 = Release|Any CPU
		{023FE8D7-7E1A-4DDF-A0EA-8FB0E1B3122B}.Release|x86.ActiveCfg = Release|Any CPU
		{F3E45F39-3224-4EAD-B138-EB5CC0E32824}.Debug|Any CPU.ActiveCfg = Debug|Any CPU
		{F3E45F39-3224-4EAD-B138-EB5CC0E32824}.Debug|Any CPU.Build.0 = Debug|Any CPU
		{F3E45F39-3224-4EAD-B138-EB5CC0E32824}.Debug|Mixed Platforms.ActiveCfg = Debug|Any CPU
		{F3E45F39-3224-4EAD-B138-EB5CC0E32824}.Debug|Mixed Platforms.Build.0 = Debug|Any CPU
		{F3E45F39-3224-4EAD-B138-EB5CC0E32824}.Debug|x86.ActiveCfg = Debug|Any CPU
		{F3E45F39-3224-4EAD-B138-EB5CC0E32824}.Release|Any CPU.ActiveCfg = Release|Any CPU
		{F3E45F39-3224-4EAD-B138-EB5CC0E32824}.Release|Any CPU.Build.0 = Release|Any CPU
		{F3E45F39-3224-4EAD-B138-EB5CC0E32824}.Release|Mixed Platforms.ActiveCfg = Release|Any CPU
		{F3E45F39-3224-4EAD-B138-EB5CC0E32824}.Release|Mixed Platforms.Build.0 = Release|Any CPU
		{F3E45F39-3224-4EAD-B138-EB5CC0E32824}.Release|x86.ActiveCfg = Release|Any CPU
		{33B2AC55-6414-463F-9627-688E608F2FDD}.Debug|Any CPU.ActiveCfg = Debug|Any CPU
		{33B2AC55-6414-463F-9627-688E608F2FDD}.Debug|Any CPU.Build.0 = Debug|Any CPU
		{33B2AC55-6414-463F-9627-688E608F2FDD}.Debug|Mixed Platforms.ActiveCfg = Debug|Any CPU
		{33B2AC55-6414-463F-9627-688E608F2FDD}.Debug|Mixed Platforms.Build.0 = Debug|Any CPU
		{33B2AC55-6414-463F-9627-688E608F2FDD}.Debug|x86.ActiveCfg = Debug|Any CPU
		{33B2AC55-6414-463F-9627-688E608F2FDD}.Release|Any CPU.ActiveCfg = Release|Any CPU
		{33B2AC55-6414-463F-9627-688E608F2FDD}.Release|Any CPU.Build.0 = Release|Any CPU
		{33B2AC55-6414-463F-9627-688E608F2FDD}.Release|Mixed Platforms.ActiveCfg = Release|Any CPU
		{33B2AC55-6414-463F-9627-688E608F2FDD}.Release|Mixed Platforms.Build.0 = Release|Any CPU
		{33B2AC55-6414-463F-9627-688E608F2FDD}.Release|x86.ActiveCfg = Release|Any CPU
		{8DFC5478-7F65-47A3-AF7C-A552F51469FA}.Debug|Any CPU.ActiveCfg = Debug|Any CPU
		{8DFC5478-7F65-47A3-AF7C-A552F51469FA}.Debug|Any CPU.Build.0 = Debug|Any CPU
		{8DFC5478-7F65-47A3-AF7C-A552F51469FA}.Debug|Mixed Platforms.ActiveCfg = Debug|Any CPU
		{8DFC5478-7F65-47A3-AF7C-A552F51469FA}.Debug|Mixed Platforms.Build.0 = Debug|Any CPU
		{8DFC5478-7F65-47A3-AF7C-A552F51469FA}.Debug|x86.ActiveCfg = Debug|Any CPU
		{8DFC5478-7F65-47A3-AF7C-A552F51469FA}.Release|Any CPU.ActiveCfg = Release|Any CPU
		{8DFC5478-7F65-47A3-AF7C-A552F51469FA}.Release|Any CPU.Build.0 = Release|Any CPU
		{8DFC5478-7F65-47A3-AF7C-A552F51469FA}.Release|Mixed Platforms.ActiveCfg = Release|Any CPU
		{8DFC5478-7F65-47A3-AF7C-A552F51469FA}.Release|Mixed Platforms.Build.0 = Release|Any CPU
		{8DFC5478-7F65-47A3-AF7C-A552F51469FA}.Release|x86.ActiveCfg = Release|Any CPU
		{0ABA973D-4B73-4E46-8CBF-0DB093BC50BF}.Debug|Any CPU.ActiveCfg = Debug|Any CPU
		{0ABA973D-4B73-4E46-8CBF-0DB093BC50BF}.Debug|Any CPU.Build.0 = Debug|Any CPU
		{0ABA973D-4B73-4E46-8CBF-0DB093BC50BF}.Debug|Mixed Platforms.ActiveCfg = Debug|Any CPU
		{0ABA973D-4B73-4E46-8CBF-0DB093BC50BF}.Debug|Mixed Platforms.Build.0 = Debug|Any CPU
		{0ABA973D-4B73-4E46-8CBF-0DB093BC50BF}.Debug|x86.ActiveCfg = Debug|Any CPU
		{0ABA973D-4B73-4E46-8CBF-0DB093BC50BF}.Release|Any CPU.ActiveCfg = Release|Any CPU
		{0ABA973D-4B73-4E46-8CBF-0DB093BC50BF}.Release|Any CPU.Build.0 = Release|Any CPU
		{0ABA973D-4B73-4E46-8CBF-0DB093BC50BF}.Release|Mixed Platforms.ActiveCfg = Release|Any CPU
		{0ABA973D-4B73-4E46-8CBF-0DB093BC50BF}.Release|Mixed Platforms.Build.0 = Release|Any CPU
		{0ABA973D-4B73-4E46-8CBF-0DB093BC50BF}.Release|x86.ActiveCfg = Release|Any CPU
		{00EC2B1C-3140-4201-A098-6DD4DE1904F4}.Debug|Any CPU.ActiveCfg = Debug|Any CPU
		{00EC2B1C-3140-4201-A098-6DD4DE1904F4}.Debug|Any CPU.Build.0 = Debug|Any CPU
		{00EC2B1C-3140-4201-A098-6DD4DE1904F4}.Debug|Mixed Platforms.ActiveCfg = Debug|Any CPU
		{00EC2B1C-3140-4201-A098-6DD4DE1904F4}.Debug|Mixed Platforms.Build.0 = Debug|Any CPU
		{00EC2B1C-3140-4201-A098-6DD4DE1904F4}.Debug|x86.ActiveCfg = Debug|Any CPU
		{00EC2B1C-3140-4201-A098-6DD4DE1904F4}.Release|Any CPU.ActiveCfg = Release|Any CPU
		{00EC2B1C-3140-4201-A098-6DD4DE1904F4}.Release|Any CPU.Build.0 = Release|Any CPU
		{00EC2B1C-3140-4201-A098-6DD4DE1904F4}.Release|Mixed Platforms.ActiveCfg = Release|Any CPU
		{00EC2B1C-3140-4201-A098-6DD4DE1904F4}.Release|Mixed Platforms.Build.0 = Release|Any CPU
		{00EC2B1C-3140-4201-A098-6DD4DE1904F4}.Release|x86.ActiveCfg = Release|Any CPU
		{853E69F8-6B85-42F9-841E-B62092B80098}.Debug|Any CPU.ActiveCfg = Debug|Any CPU
		{853E69F8-6B85-42F9-841E-B62092B80098}.Debug|Any CPU.Build.0 = Debug|Any CPU
		{853E69F8-6B85-42F9-841E-B62092B80098}.Debug|Mixed Platforms.ActiveCfg = Debug|Any CPU
		{853E69F8-6B85-42F9-841E-B62092B80098}.Debug|Mixed Platforms.Build.0 = Debug|Any CPU
		{853E69F8-6B85-42F9-841E-B62092B80098}.Debug|x86.ActiveCfg = Debug|Any CPU
		{853E69F8-6B85-42F9-841E-B62092B80098}.Release|Any CPU.ActiveCfg = Release|Any CPU
		{853E69F8-6B85-42F9-841E-B62092B80098}.Release|Any CPU.Build.0 = Release|Any CPU
		{853E69F8-6B85-42F9-841E-B62092B80098}.Release|Mixed Platforms.ActiveCfg = Release|Any CPU
		{853E69F8-6B85-42F9-841E-B62092B80098}.Release|Mixed Platforms.Build.0 = Release|Any CPU
		{853E69F8-6B85-42F9-841E-B62092B80098}.Release|x86.ActiveCfg = Release|Any CPU
		{D9F3B2DF-B1FF-4292-967F-3963FE13626D}.Debug|Any CPU.ActiveCfg = Debug|x86
		{D9F3B2DF-B1FF-4292-967F-3963FE13626D}.Debug|Any CPU.Build.0 = Debug|x86
		{D9F3B2DF-B1FF-4292-967F-3963FE13626D}.Debug|Mixed Platforms.ActiveCfg = Debug|x86
		{D9F3B2DF-B1FF-4292-967F-3963FE13626D}.Debug|Mixed Platforms.Build.0 = Debug|x86
		{D9F3B2DF-B1FF-4292-967F-3963FE13626D}.Debug|x86.ActiveCfg = Debug|x86
		{D9F3B2DF-B1FF-4292-967F-3963FE13626D}.Debug|x86.Build.0 = Debug|x86
		{D9F3B2DF-B1FF-4292-967F-3963FE13626D}.Release|Any CPU.ActiveCfg = Release|x86
		{D9F3B2DF-B1FF-4292-967F-3963FE13626D}.Release|Mixed Platforms.ActiveCfg = Release|x86
		{D9F3B2DF-B1FF-4292-967F-3963FE13626D}.Release|Mixed Platforms.Build.0 = Release|x86
		{D9F3B2DF-B1FF-4292-967F-3963FE13626D}.Release|x86.ActiveCfg = Release|x86
		{D9F3B2DF-B1FF-4292-967F-3963FE13626D}.Release|x86.Build.0 = Release|x86
		{FB9F5CC5-AE07-4383-9C91-8A42343DE4DB}.Debug|Any CPU.ActiveCfg = Debug|x86
		{FB9F5CC5-AE07-4383-9C91-8A42343DE4DB}.Debug|Any CPU.Build.0 = Debug|x86
		{FB9F5CC5-AE07-4383-9C91-8A42343DE4DB}.Debug|Mixed Platforms.ActiveCfg = Debug|x86
		{FB9F5CC5-AE07-4383-9C91-8A42343DE4DB}.Debug|Mixed Platforms.Build.0 = Debug|x86
		{FB9F5CC5-AE07-4383-9C91-8A42343DE4DB}.Debug|x86.ActiveCfg = Debug|x86
		{FB9F5CC5-AE07-4383-9C91-8A42343DE4DB}.Debug|x86.Build.0 = Debug|x86
		{FB9F5CC5-AE07-4383-9C91-8A42343DE4DB}.Release|Any CPU.ActiveCfg = Release|x86
		{FB9F5CC5-AE07-4383-9C91-8A42343DE4DB}.Release|Mixed Platforms.ActiveCfg = Release|x86
		{FB9F5CC5-AE07-4383-9C91-8A42343DE4DB}.Release|Mixed Platforms.Build.0 = Release|x86
		{FB9F5CC5-AE07-4383-9C91-8A42343DE4DB}.Release|x86.ActiveCfg = Release|x86
		{FB9F5CC5-AE07-4383-9C91-8A42343DE4DB}.Release|x86.Build.0 = Release|x86
		{E01D0ABA-9D38-4109-A603-70DFE13E9722}.Debug|Any CPU.ActiveCfg = Debug|Any CPU
		{E01D0ABA-9D38-4109-A603-70DFE13E9722}.Debug|Any CPU.Build.0 = Debug|Any CPU
		{E01D0ABA-9D38-4109-A603-70DFE13E9722}.Debug|Mixed Platforms.ActiveCfg = Debug|Any CPU
		{E01D0ABA-9D38-4109-A603-70DFE13E9722}.Debug|Mixed Platforms.Build.0 = Debug|Any CPU
		{E01D0ABA-9D38-4109-A603-70DFE13E9722}.Debug|x86.ActiveCfg = Debug|Any CPU
		{E01D0ABA-9D38-4109-A603-70DFE13E9722}.Release|Any CPU.ActiveCfg = Release|Any CPU
		{E01D0ABA-9D38-4109-A603-70DFE13E9722}.Release|Any CPU.Build.0 = Release|Any CPU
		{E01D0ABA-9D38-4109-A603-70DFE13E9722}.Release|Mixed Platforms.ActiveCfg = Release|Any CPU
		{E01D0ABA-9D38-4109-A603-70DFE13E9722}.Release|Mixed Platforms.Build.0 = Release|Any CPU
		{E01D0ABA-9D38-4109-A603-70DFE13E9722}.Release|x86.ActiveCfg = Release|Any CPU
		{4C0AF001-7F6B-4A96-8F60-855500F310C6}.Debug|Any CPU.ActiveCfg = Debug|Any CPU
		{4C0AF001-7F6B-4A96-8F60-855500F310C6}.Debug|Any CPU.Build.0 = Debug|Any CPU
		{4C0AF001-7F6B-4A96-8F60-855500F310C6}.Debug|Mixed Platforms.ActiveCfg = Debug|Any CPU
		{4C0AF001-7F6B-4A96-8F60-855500F310C6}.Debug|Mixed Platforms.Build.0 = Debug|Any CPU
		{4C0AF001-7F6B-4A96-8F60-855500F310C6}.Debug|x86.ActiveCfg = Debug|Any CPU
		{4C0AF001-7F6B-4A96-8F60-855500F310C6}.Release|Any CPU.ActiveCfg = Release|Any CPU
		{4C0AF001-7F6B-4A96-8F60-855500F310C6}.Release|Any CPU.Build.0 = Release|Any CPU
		{4C0AF001-7F6B-4A96-8F60-855500F310C6}.Release|Mixed Platforms.ActiveCfg = Release|Any CPU
		{4C0AF001-7F6B-4A96-8F60-855500F310C6}.Release|Mixed Platforms.Build.0 = Release|Any CPU
		{4C0AF001-7F6B-4A96-8F60-855500F310C6}.Release|x86.ActiveCfg = Release|Any CPU
		{81D774AF-7840-45C9-BC78-941EB87D590F}.Debug|Any CPU.ActiveCfg = Debug|Any CPU
		{81D774AF-7840-45C9-BC78-941EB87D590F}.Debug|Any CPU.Build.0 = Debug|Any CPU
		{81D774AF-7840-45C9-BC78-941EB87D590F}.Debug|Mixed Platforms.ActiveCfg = Debug|Any CPU
		{81D774AF-7840-45C9-BC78-941EB87D590F}.Debug|Mixed Platforms.Build.0 = Debug|Any CPU
		{81D774AF-7840-45C9-BC78-941EB87D590F}.Debug|x86.ActiveCfg = Debug|Any CPU
		{81D774AF-7840-45C9-BC78-941EB87D590F}.Release|Any CPU.ActiveCfg = Release|Any CPU
		{81D774AF-7840-45C9-BC78-941EB87D590F}.Release|Any CPU.Build.0 = Release|Any CPU
		{81D774AF-7840-45C9-BC78-941EB87D590F}.Release|Mixed Platforms.ActiveCfg = Release|Any CPU
		{81D774AF-7840-45C9-BC78-941EB87D590F}.Release|Mixed Platforms.Build.0 = Release|Any CPU
		{81D774AF-7840-45C9-BC78-941EB87D590F}.Release|x86.ActiveCfg = Release|Any CPU
		{01DFFD2B-550D-4078-A288-6F6EB31E97D6}.Debug|Any CPU.ActiveCfg = Debug|Any CPU
		{01DFFD2B-550D-4078-A288-6F6EB31E97D6}.Debug|Any CPU.Build.0 = Debug|Any CPU
		{01DFFD2B-550D-4078-A288-6F6EB31E97D6}.Debug|Mixed Platforms.ActiveCfg = Debug|Any CPU
		{01DFFD2B-550D-4078-A288-6F6EB31E97D6}.Debug|Mixed Platforms.Build.0 = Debug|Any CPU
		{01DFFD2B-550D-4078-A288-6F6EB31E97D6}.Debug|x86.ActiveCfg = Debug|Any CPU
		{01DFFD2B-550D-4078-A288-6F6EB31E97D6}.Release|Any CPU.ActiveCfg = Release|Any CPU
		{01DFFD2B-550D-4078-A288-6F6EB31E97D6}.Release|Any CPU.Build.0 = Release|Any CPU
		{01DFFD2B-550D-4078-A288-6F6EB31E97D6}.Release|Mixed Platforms.ActiveCfg = Release|Any CPU
		{01DFFD2B-550D-4078-A288-6F6EB31E97D6}.Release|Mixed Platforms.Build.0 = Release|Any CPU
		{01DFFD2B-550D-4078-A288-6F6EB31E97D6}.Release|x86.ActiveCfg = Release|Any CPU
		{A0B3AB31-6B8D-4358-BEA4-3D831771DC46}.Debug|Any CPU.ActiveCfg = Debug|Any CPU
		{A0B3AB31-6B8D-4358-BEA4-3D831771DC46}.Debug|Any CPU.Build.0 = Debug|Any CPU
		{A0B3AB31-6B8D-4358-BEA4-3D831771DC46}.Debug|Mixed Platforms.ActiveCfg = Debug|Any CPU
		{A0B3AB31-6B8D-4358-BEA4-3D831771DC46}.Debug|Mixed Platforms.Build.0 = Debug|Any CPU
		{A0B3AB31-6B8D-4358-BEA4-3D831771DC46}.Debug|x86.ActiveCfg = Debug|Any CPU
		{A0B3AB31-6B8D-4358-BEA4-3D831771DC46}.Release|Any CPU.ActiveCfg = Release|Any CPU
		{A0B3AB31-6B8D-4358-BEA4-3D831771DC46}.Release|Any CPU.Build.0 = Release|Any CPU
		{A0B3AB31-6B8D-4358-BEA4-3D831771DC46}.Release|Mixed Platforms.ActiveCfg = Release|Any CPU
		{A0B3AB31-6B8D-4358-BEA4-3D831771DC46}.Release|Mixed Platforms.Build.0 = Release|Any CPU
		{A0B3AB31-6B8D-4358-BEA4-3D831771DC46}.Release|x86.ActiveCfg = Release|Any CPU
		{17F361DB-79D7-46FF-B2CB-87BC8A74AC44}.Debug|Any CPU.ActiveCfg = Debug|Any CPU
		{17F361DB-79D7-46FF-B2CB-87BC8A74AC44}.Debug|Any CPU.Build.0 = Debug|Any CPU
		{17F361DB-79D7-46FF-B2CB-87BC8A74AC44}.Debug|Mixed Platforms.ActiveCfg = Debug|Any CPU
		{17F361DB-79D7-46FF-B2CB-87BC8A74AC44}.Debug|Mixed Platforms.Build.0 = Debug|Any CPU
		{17F361DB-79D7-46FF-B2CB-87BC8A74AC44}.Debug|x86.ActiveCfg = Debug|Any CPU
		{17F361DB-79D7-46FF-B2CB-87BC8A74AC44}.Release|Any CPU.ActiveCfg = Release|Any CPU
		{17F361DB-79D7-46FF-B2CB-87BC8A74AC44}.Release|Any CPU.Build.0 = Release|Any CPU
		{17F361DB-79D7-46FF-B2CB-87BC8A74AC44}.Release|Mixed Platforms.ActiveCfg = Release|Any CPU
		{17F361DB-79D7-46FF-B2CB-87BC8A74AC44}.Release|Mixed Platforms.Build.0 = Release|Any CPU
		{17F361DB-79D7-46FF-B2CB-87BC8A74AC44}.Release|x86.ActiveCfg = Release|Any CPU
		{E53DAA67-A0A0-4E4B-AB4A-C85D45050115}.Debug|Any CPU.ActiveCfg = Debug|Any CPU
		{E53DAA67-A0A0-4E4B-AB4A-C85D45050115}.Debug|Any CPU.Build.0 = Debug|Any CPU
		{E53DAA67-A0A0-4E4B-AB4A-C85D45050115}.Debug|Mixed Platforms.ActiveCfg = Debug|Any CPU
		{E53DAA67-A0A0-4E4B-AB4A-C85D45050115}.Debug|Mixed Platforms.Build.0 = Debug|Any CPU
		{E53DAA67-A0A0-4E4B-AB4A-C85D45050115}.Debug|x86.ActiveCfg = Debug|Any CPU
		{E53DAA67-A0A0-4E4B-AB4A-C85D45050115}.Release|Any CPU.ActiveCfg = Release|Any CPU
		{E53DAA67-A0A0-4E4B-AB4A-C85D45050115}.Release|Any CPU.Build.0 = Release|Any CPU
		{E53DAA67-A0A0-4E4B-AB4A-C85D45050115}.Release|Mixed Platforms.ActiveCfg = Release|Any CPU
		{E53DAA67-A0A0-4E4B-AB4A-C85D45050115}.Release|Mixed Platforms.Build.0 = Release|Any CPU
		{E53DAA67-A0A0-4E4B-AB4A-C85D45050115}.Release|x86.ActiveCfg = Release|Any CPU
		{9EE3E89D-2F09-4078-98B7-04C50EAE3EFA}.Debug|Any CPU.ActiveCfg = Debug|Any CPU
		{9EE3E89D-2F09-4078-98B7-04C50EAE3EFA}.Debug|Any CPU.Build.0 = Debug|Any CPU
		{9EE3E89D-2F09-4078-98B7-04C50EAE3EFA}.Debug|Mixed Platforms.ActiveCfg = Debug|Any CPU
		{9EE3E89D-2F09-4078-98B7-04C50EAE3EFA}.Debug|Mixed Platforms.Build.0 = Debug|Any CPU
		{9EE3E89D-2F09-4078-98B7-04C50EAE3EFA}.Debug|x86.ActiveCfg = Debug|Any CPU
		{9EE3E89D-2F09-4078-98B7-04C50EAE3EFA}.Release|Any CPU.ActiveCfg = Release|Any CPU
		{9EE3E89D-2F09-4078-98B7-04C50EAE3EFA}.Release|Any CPU.Build.0 = Release|Any CPU
		{9EE3E89D-2F09-4078-98B7-04C50EAE3EFA}.Release|Mixed Platforms.ActiveCfg = Release|Any CPU
		{9EE3E89D-2F09-4078-98B7-04C50EAE3EFA}.Release|Mixed Platforms.Build.0 = Release|Any CPU
		{9EE3E89D-2F09-4078-98B7-04C50EAE3EFA}.Release|x86.ActiveCfg = Release|Any CPU
	EndGlobalSection
	GlobalSection(SolutionProperties) = preSolution
		HideSolutionNode = FALSE
	EndGlobalSection
	GlobalSection(NestedProjects) = preSolution
		{33B2AC55-6414-463F-9627-688E608F2FDD} = {660A5BB3-A176-4A50-80B8-8E04948230CE}
		{8DFC5478-7F65-47A3-AF7C-A552F51469FA} = {660A5BB3-A176-4A50-80B8-8E04948230CE}
		{0ABA973D-4B73-4E46-8CBF-0DB093BC50BF} = {660A5BB3-A176-4A50-80B8-8E04948230CE}
		{00EC2B1C-3140-4201-A098-6DD4DE1904F4} = {660A5BB3-A176-4A50-80B8-8E04948230CE}
		{17F361DB-79D7-46FF-B2CB-87BC8A74AC44} = {660A5BB3-A176-4A50-80B8-8E04948230CE}
		{6272500A-FEAB-4093-AF65-337234DA32FE} = {F9CC5384-728B-4F92-BF70-7AADF98D25AB}
		{BBC8DA4A-EA88-41D9-8B93-929B8F3ADADE} = {F9CC5384-728B-4F92-BF70-7AADF98D25AB}
		{023FE8D7-7E1A-4DDF-A0EA-8FB0E1B3122B} = {F9CC5384-728B-4F92-BF70-7AADF98D25AB}
		{F3E45F39-3224-4EAD-B138-EB5CC0E32824} = {F9CC5384-728B-4F92-BF70-7AADF98D25AB}
		{873D6B8C-2E49-47E7-94B4-0929C5DA0911} = {9A8CD899-DF72-4DFE-A96C-EF06A4D8E840}
		{A5BCB470-E355-489A-AA9F-646D4A119835} = {9A8CD899-DF72-4DFE-A96C-EF06A4D8E840}
		{FB9F5CC5-AE07-4383-9C91-8A42343DE4DB} = {9A8CD899-DF72-4DFE-A96C-EF06A4D8E840}
		{E01D0ABA-9D38-4109-A603-70DFE13E9722} = {69DD6095-8A4B-4BB8-A4E1-949A4521BBDA}
		{4C0AF001-7F6B-4A96-8F60-855500F310C6} = {69DD6095-8A4B-4BB8-A4E1-949A4521BBDA}
		{81D774AF-7840-45C9-BC78-941EB87D590F} = {69DD6095-8A4B-4BB8-A4E1-949A4521BBDA}
		{01DFFD2B-550D-4078-A288-6F6EB31E97D6} = {69DD6095-8A4B-4BB8-A4E1-949A4521BBDA}
		{A0B3AB31-6B8D-4358-BEA4-3D831771DC46} = {69DD6095-8A4B-4BB8-A4E1-949A4521BBDA}
		{E53DAA67-A0A0-4E4B-AB4A-C85D45050115} = {69DD6095-8A4B-4BB8-A4E1-949A4521BBDA}
		{9EE3E89D-2F09-4078-98B7-04C50EAE3EFA} = {69DD6095-8A4B-4BB8-A4E1-949A4521BBDA}
	EndGlobalSection
EndGlobal
